// !$*UTF8*$!
{
	archiveVersion = 1;
	classes = {
	};
	objectVersion = 46;
	objects = {

/* Begin PBXFileReference section */
		9BEECAED179171DC006FD0C9 /* background.html */ = {isa = PBXFileReference; lastKnownFileType = text.html; name = background.html; path = ../background.html; sourceTree = "<group>"; xcLanguageSpecificationIdentifier = xcode.lang.javascript; };
		9BEECAEE179171DC006FD0C9 /* douban.js */ = {isa = PBXFileReference; lastKnownFileType = sourcecode.javascript; name = douban.js; path = ../douban.js; sourceTree = "<group>"; };
		9BEECAEF179171DC006FD0C9 /* main.css */ = {isa = PBXFileReference; lastKnownFileType = text.css; name = main.css; path = ../main.css; sourceTree = "<group>"; };
		9BEECAF0179171DC006FD0C9 /* main.html */ = {isa = PBXFileReference; lastKnownFileType = text.html; name = main.html; path = ../main.html; sourceTree = "<group>"; };
		9BEECAF1179171DC006FD0C9 /* manifest.json */ = {isa = PBXFileReference; lastKnownFileType = text.json; name = manifest.json; path = ../manifest.json; sourceTree = "<group>"; };
		9BEECAF2179171DC006FD0C9 /* options.html */ = {isa = PBXFileReference; lastKnownFileType = text.html; name = options.html; path = ../options.html; sourceTree = "<group>"; };
		9BEECAF3179171DC006FD0C9 /* result.html */ = {isa = PBXFileReference; lastKnownFileType = text.html; name = result.html; path = ../result.html; sourceTree = "<group>"; };
		9BEECAF4179171DC006FD0C9 /* thanks_page.html */ = {isa = PBXFileReference; lastKnownFileType = text.html; name = thanks_page.html; path = ../thanks_page.html; sourceTree = "<group>"; };
		9BEECAF5179171DC006FD0C9 /* utility.js */ = {isa = PBXFileReference; lastKnownFileType = sourcecode.javascript; name = utility.js; path = ../utility.js; sourceTree = "<group>"; };
		9BEECAF617917443006FD0C9 /* background.js */ = {isa = PBXFileReference; lastKnownFileType = sourcecode.javascript; name = background.js; path = ../background.js; sourceTree = "<group>"; };
		9BEECAF71791808C006FD0C9 /* main.js */ = {isa = PBXFileReference; lastKnownFileType = sourcecode.javascript; name = main.js; path = ../main.js; sourceTree = "<group>"; };
		9BEECAF817918110006FD0C9 /* result.js */ = {isa = PBXFileReference; lastKnownFileType = sourcecode.javascript; name = result.js; path = ../result.js; sourceTree = "<group>"; };
/* End PBXFileReference section */

/* Begin PBXGroup section */
		9BEECAE6179171C5006FD0C9 = {
			isa = PBXGroup;
			children = (
				9BEECAEF179171DC006FD0C9 /* main.css */,
				9BEECAED179171DC006FD0C9 /* background.html */,
				9BEECAF0179171DC006FD0C9 /* main.html */,
				9BEECAF2179171DC006FD0C9 /* options.html */,
				9BEECAF3179171DC006FD0C9 /* result.html */,
				9BEECAF4179171DC006FD0C9 /* thanks_page.html */,
				9BEECAF617917443006FD0C9 /* background.js */,
				9BEECAEE179171DC006FD0C9 /* douban.js */,
				9BEECAF71791808C006FD0C9 /* main.js */,
				9BEECAF817918110006FD0C9 /* result.js */,
				9BEECAF5179171DC006FD0C9 /* utility.js */,
				9BEECAF1179171DC006FD0C9 /* manifest.json */,
			);
			sourceTree = "<group>";
		};
/* End PBXGroup section */

/* Begin PBXProject section */
		9BEECAE7179171C5006FD0C9 /* Project object */ = {
			isa = PBXProject;
			attributes = {
				LastUpgradeCheck = 0460;
			};
			buildConfigurationList = 9BEECAEA179171C5006FD0C9 /* Build configuration list for PBXProject "douban-parser" */;
			compatibilityVersion = "Xcode 3.2";
			developmentRegion = English;
			hasScannedForEncodings = 0;
			knownRegions = (
				en,
			);
			mainGroup = 9BEECAE6179171C5006FD0C9;
			projectDirPath = "";
			projectRoot = "";
			targets = (
			);
		};
/* End PBXProject section */

/* Begin XCBuildConfiguration section */
		9BEECAEB179171C5006FD0C9 /* Debug */ = {
			isa = XCBuildConfiguration;
			buildSettings = {
			};
			name = Debug;
		};
		9BEECAEC179171C5006FD0C9 /* Release */ = {
			isa = XCBuildConfiguration;
			buildSettings = {
			};
			name = Release;
		};
/* End XCBuildConfiguration section */

/* Begin XCConfigurationList section */
		9BEECAEA179171C5006FD0C9 /* Build configuration list for PBXProject "douban-parser" */ = {
			isa = XCConfigurationList;
			buildConfigurations = (
				9BEECAEB179171C5006FD0C9 /* Debug */,
				9BEECAEC179171C5006FD0C9 /* Release */,
			);
			defaultConfigurationIsVisible = 0;
			defaultConfigurationName = Release;
		};
/* End XCConfigurationList section */
	};
	rootObject = 9BEECAE7179171C5006FD0C9 /* Project object */;
}
